
Microsoft Visual Studio Solution File, Format Version 12.00
# Visual Studio 14
VisualStudioVersion = 14.0.24720.0
MinimumVisualStudioVersion = 10.0.40219.1
Project("{911E67C6-3D85-4FCE-B560-20A9C3E3FF48}") = "acad", "C:\Program Files\Autodesk\AutoCAD 2012 - French\acad.exe", "{DAFB8302-DF6A-41ED-9BB1-18D62108A164}"
	ProjectSection(DebuggerProjectSystem) = preProject
		PortSupplier = 00000000-0000-0000-0000-000000000000
		Executable = C:\Program Files\Autodesk\AutoCAD 2016\acad.exe
		RemoteMachine = WINXP2
		StartingDirectory = C:\Program Files\Autodesk\AutoCAD 2016
		Environment = Par défaut
		LaunchingEngine = 5fff7536-0c87-462d-8fd2-7971d948e6dc
		UseLegacyDebugEngines = No
		LaunchSQLEngine = No
		AttachLaunchAction = No
	EndProjectSection
EndProject
Project("{F184B08F-C81C-45F6-A57F-5ABD9991F28F}") = "Revo-19", "R19_x32\Revo\Revo-19.vbproj", "{2C2195F8-BCB0-4DB6-A26C-892ED5F610A6}"
EndProject
Project("{F184B08F-C81C-45F6-A57F-5ABD9991F28F}") = "Revo-20", "R20_x64\Revo\Revo-20.vbproj", "{23D8DDAC-38AF-4C91-BEE7-D96B9C4120A7}"
EndProject
Global
	GlobalSection(SolutionConfigurationPlatforms) = preSolution
		Debug|Any CPU = Debug|Any CPU
		Debug|Mixed Platforms = Debug|Mixed Platforms
		Debug|x64 = Debug|x64
		Debug|x86 = Debug|x86
		Release x64|Any CPU = Release x64|Any CPU
		Release x64|Mixed Platforms = Release x64|Mixed Platforms
		Release x64|x64 = Release x64|x64
		Release x64|x86 = Release x64|x86
		Release|Any CPU = Release|Any CPU
		Release|Mixed Platforms = Release|Mixed Platforms
		Release|x64 = Release|x64
		Release|x86 = Release|x86
	EndGlobalSection
	GlobalSection(ProjectConfigurationPlatforms) = postSolution
		{DAFB8302-DF6A-41ED-9BB1-18D62108A164}.Debug|Any CPU.ActiveCfg = Release|x64
		{DAFB8302-DF6A-41ED-9BB1-18D62108A164}.Debug|Mixed Platforms.ActiveCfg = Release|x64
		{DAFB8302-DF6A-41ED-9BB1-18D62108A164}.Debug|x64.ActiveCfg = Release|x64
		{DAFB8302-DF6A-41ED-9BB1-18D62108A164}.Debug|x86.ActiveCfg = Release|x64
		{DAFB8302-DF6A-41ED-9BB1-18D62108A164}.Release x64|Any CPU.ActiveCfg = Release|x64
		{DAFB8302-DF6A-41ED-9BB1-18D62108A164}.Release x64|Mixed Platforms.ActiveCfg = Release|x64
		{DAFB8302-DF6A-41ED-9BB1-18D62108A164}.Release x64|x64.ActiveCfg = Release|x64
		{DAFB8302-DF6A-41ED-9BB1-18D62108A164}.Release x64|x86.ActiveCfg = Release|x64
		{DAFB8302-DF6A-41ED-9BB1-18D62108A164}.Release|Any CPU.ActiveCfg = Release|x64
		{DAFB8302-DF6A-41ED-9BB1-18D62108A164}.Release|Mixed Platforms.ActiveCfg = Release|x64
		{DAFB8302-DF6A-41ED-9BB1-18D62108A164}.Release|x64.ActiveCfg = Release|x64
		{DAFB8302-DF6A-41ED-9BB1-18D62108A164}.Release|x86.ActiveCfg = Release|x64
		{2C2195F8-BCB0-4DB6-A26C-892ED5F610A6}.Debug|Any CPU.ActiveCfg = Debug|Any CPU
		{2C2195F8-BCB0-4DB6-A26C-892ED5F610A6}.Debug|Any CPU.Build.0 = Debug|Any CPU
		{2C2195F8-BCB0-4DB6-A26C-892ED5F610A6}.Debug|Mixed Platforms.ActiveCfg = Debug|Any CPU
		{2C2195F8-BCB0-4DB6-A26C-892ED5F610A6}.Debug|Mixed Platforms.Build.0 = Debug|Any CPU
		{2C2195F8-BCB0-4DB6-A26C-892ED5F610A6}.Debug|x64.ActiveCfg = Debug|x64
		{2C2195F8-BCB0-4DB6-A26C-892ED5F610A6}.Debug|x64.Build.0 = Debug|x64
		{2C2195F8-BCB0-4DB6-A26C-892ED5F610A6}.Debug|x86.ActiveCfg = Debug|Any CPU
		{2C2195F8-BCB0-4DB6-A26C-892ED5F610A6}.Debug|x86.Build.0 = Debug|Any CPU
		{2C2195F8-BCB0-4DB6-A26C-892ED5F610A6}.Release x64|Any CPU.ActiveCfg = Release x64|Any CPU
		{2C2195F8-BCB0-4DB6-A26C-892ED5F610A6}.Release x64|Any CPU.Build.0 = Release x64|Any CPU
		{2C2195F8-BCB0-4DB6-A26C-892ED5F610A6}.Release x64|Mixed Platforms.ActiveCfg = Release x64|Any CPU
		{2C2195F8-BCB0-4DB6-A26C-892ED5F610A6}.Release x64|Mixed Platforms.Build.0 = Release x64|Any CPU
		{2C2195F8-BCB0-4DB6-A26C-892ED5F610A6}.Release x64|x64.ActiveCfg = Release x64|x64
		{2C2195F8-BCB0-4DB6-A26C-892ED5F610A6}.Release x64|x64.Build.0 = Release x64|x64
		{2C2195F8-BCB0-4DB6-A26C-892ED5F610A6}.Release x64|x86.ActiveCfg = Release x64|Any CPU
		{2C2195F8-BCB0-4DB6-A26C-892ED5F610A6}.Release x64|x86.Build.0 = Release x64|Any CPU
		{2C2195F8-BCB0-4DB6-A26C-892ED5F610A6}.Release|Any CPU.ActiveCfg = Release|Any CPU
		{2C2195F8-BCB0-4DB6-A26C-892ED5F610A6}.Release|Any CPU.Build.0 = Release|Any CPU
		{2C2195F8-BCB0-4DB6-A26C-892ED5F610A6}.Release|Mixed Platforms.ActiveCfg = Release|Any CPU
		{2C2195F8-BCB0-4DB6-A26C-892ED5F610A6}.Release|Mixed Platforms.Build.0 = Release|Any CPU
		{2C2195F8-BCB0-4DB6-A26C-892ED5F610A6}.Release|x64.ActiveCfg = Release|x64
		{2C2195F8-BCB0-4DB6-A26C-892ED5F610A6}.Release|x64.Build.0 = Release|x64
		{2C2195F8-BCB0-4DB6-A26C-892ED5F610A6}.Release|x86.ActiveCfg = Release|Any CPU
		{2C2195F8-BCB0-4DB6-A26C-892ED5F610A6}.Release|x86.Build.0 = Release|Any CPU
		{23D8DDAC-38AF-4C91-BEE7-D96B9C4120A7}.Debug|Any CPU.ActiveCfg = Debug|Any CPU
		{23D8DDAC-38AF-4C91-BEE7-D96B9C4120A7}.Debug|Any CPU.Build.0 = Debug|Any CPU
		{23D8DDAC-38AF-4C91-BEE7-D96B9C4120A7}.Debug|Mixed Platforms.ActiveCfg = Debug|Any CPU
		{23D8DDAC-38AF-4C91-BEE7-D96B9C4120A7}.Debug|Mixed Platforms.Build.0 = Debug|Any CPU
		{23D8DDAC-38AF-4C91-BEE7-D96B9C4120A7}.Debug|x64.ActiveCfg = Debug|x64
		{23D8DDAC-38AF-4C91-BEE7-D96B9C4120A7}.Debug|x64.Build.0 = Debug|x64
		{23D8DDAC-38AF-4C91-BEE7-D96B9C4120A7}.Debug|x86.ActiveCfg = Debug|Any CPU
		{23D8DDAC-38AF-4C91-BEE7-D96B9C4120A7}.Debug|x86.Build.0 = Debug|Any CPU
		{23D8DDAC-38AF-4C91-BEE7-D96B9C4120A7}.Release x64|Any CPU.ActiveCfg = Release x64|Any CPU
		{23D8DDAC-38AF-4C91-BEE7-D96B9C4120A7}.Release x64|Any CPU.Build.0 = Release x64|Any CPU
		{23D8DDAC-38AF-4C91-BEE7-D96B9C4120A7}.Release x64|Mixed Platforms.ActiveCfg = Release x64|Any CPU
		{23D8DDAC-38AF-4C91-BEE7-D96B9C4120A7}.Release x64|Mixed Platforms.Build.0 = Release x64|Any CPU
		{23D8DDAC-38AF-4C91-BEE7-D96B9C4120A7}.Release x64|x64.ActiveCfg = Release x64|x64
		{23D8DDAC-38AF-4C91-BEE7-D96B9C4120A7}.Release x64|x64.Build.0 = Release x64|x64
		{23D8DDAC-38AF-4C91-BEE7-D96B9C4120A7}.Release x64|x86.ActiveCfg = Release x64|Any CPU
		{23D8DDAC-38AF-4C91-BEE7-D96B9C4120A7}.Release x64|x86.Build.0 = Release x64|Any CPU
		{23D8DDAC-38AF-4C91-BEE7-D96B9C4120A7}.Release|Any CPU.ActiveCfg = Release|Any CPU
		{23D8DDAC-38AF-4C91-BEE7-D96B9C4120A7}.Release|Any CPU.Build.0 = Release|Any CPU
		{23D8DDAC-38AF-4C91-BEE7-D96B9C4120A7}.Release|Mixed Platforms.ActiveCfg = Release|Any CPU
		{23D8DDAC-38AF-4C91-BEE7-D96B9C4120A7}.Release|Mixed Platforms.Build.0 = Release|Any CPU
		{23D8DDAC-38AF-4C91-BEE7-D96B9C4120A7}.Release|x64.ActiveCfg = Release|x64
		{23D8DDAC-38AF-4C91-BEE7-D96B9C4120A7}.Release|x64.Build.0 = Release|x64
		{23D8DDAC-38AF-4C91-BEE7-D96B9C4120A7}.Release|x86.ActiveCfg = Release|Any CPU
		{23D8DDAC-38AF-4C91-BEE7-D96B9C4120A7}.Release|x86.Build.0 = Release|Any CPU
	EndGlobalSection
	GlobalSection(SolutionProperties) = preSolution
		HideSolutionNode = FALSE
	EndGlobalSection
EndGlobal
