
Microsoft Visual Studio Solution File, Format Version 12.00
# Visual Studio 15
VisualStudioVersion = 15.0.26430.6
MinimumVisualStudioVersion = 10.0.40219.1
Project("{F184B08F-C81C-45F6-A57F-5ABD9991F28F}") = "Revo-23", "Revo-23.vbproj", "{2C2195F8-BCB0-4DB6-A26C-892ED5F610A6}"
EndProject
Global
	GlobalSection(SolutionConfigurationPlatforms) = preSolution
		Debug|x64 = Debug|x64
		Debug|x86 = Debug|x86
		Release x64|x64 = Release x64|x64
		Release x64|x86 = Release x64|x86
		Release|x64 = Release|x64
		Release|x86 = Release|x86
	EndGlobalSection
	GlobalSection(ProjectConfigurationPlatforms) = postSolution
		{2C2195F8-BCB0-4DB6-A26C-892ED5F610A6}.Debug|x64.ActiveCfg = Debug|x64
		{2C2195F8-BCB0-4DB6-A26C-892ED5F610A6}.Debug|x64.Build.0 = Debug|x64
		{2C2195F8-BCB0-4DB6-A26C-892ED5F610A6}.Debug|x86.ActiveCfg = Debug|x86
		{2C2195F8-BCB0-4DB6-A26C-892ED5F610A6}.Debug|x86.Build.0 = Debug|x86
		{2C2195F8-BCB0-4DB6-A26C-892ED5F610A6}.Release x64|x64.ActiveCfg = Release x64|x64
		{2C2195F8-BCB0-4DB6-A26C-892ED5F610A6}.Release x64|x64.Build.0 = Release x64|x64
		{2C2195F8-BCB0-4DB6-A26C-892ED5F610A6}.Release x64|x86.ActiveCfg = Release x64|x86
		{2C2195F8-BCB0-4DB6-A26C-892ED5F610A6}.Release x64|x86.Build.0 = Release x64|x86
		{2C2195F8-BCB0-4DB6-A26C-892ED5F610A6}.Release|x64.ActiveCfg = Release|x64
		{2C2195F8-BCB0-4DB6-A26C-892ED5F610A6}.Release|x64.Build.0 = Release|x64
		{2C2195F8-BCB0-4DB6-A26C-892ED5F610A6}.Release|x86.ActiveCfg = Release|x86
		{2C2195F8-BCB0-4DB6-A26C-892ED5F610A6}.Release|x86.Build.0 = Release|x86
	EndGlobalSection
	GlobalSection(SolutionProperties) = preSolution
		HideSolutionNode = FALSE
	EndGlobalSection
EndGlobal
